<?xml version="1.0" encoding="utf-8"?>
<Project ToolsVersion="4.0" xmlns="http://schemas.microsoft.com/developer/msbuild/2003">
  <ItemGroup>
    <Filter Include="BackGround">
      <UniqueIdentifier>{5644ff12-78cc-4987-a77d-768b3674afd5}</UniqueIdentifier>
    </Filter>
    <Filter Include="system">
      <UniqueIdentifier>{22dd8095-74f9-46df-81a1-36675a040b1f}</UniqueIdentifier>
    </Filter>
    <Filter Include="Enemy">
      <UniqueIdentifier>{f9b753a0-9fad-4d0c-a49e-bd08a033d501}</UniqueIdentifier>
    </Filter>
    <Filter Include="Enemy\EnemyAI">
      <UniqueIdentifier>{de36f513-ef62-4332-9756-2af3da15b4b4}</UniqueIdentifier>
    </Filter>
    <Filter Include="Enemy\EnemyAICon">
      <UniqueIdentifier>{46bf68a7-20c4-42b8-a899-cf8494ddf95f}</UniqueIdentifier>
    </Filter>
    <Filter Include="Enemy\BasePogram">
      <UniqueIdentifier>{df4dca5d-5cd9-4bf2-850d-fd11c03b4bf4}</UniqueIdentifier>
    </Filter>
    <Filter Include="Enemy\EnemyAISM">
      <UniqueIdentifier>{801c2171-b69d-4b2f-9e9a-b877cae65eb6}</UniqueIdentifier>
    </Filter>
    <Filter Include="object">
      <UniqueIdentifier>{0b53cf91-35d4-45b3-8da7-a57e6cff3ce9}</UniqueIdentifier>
    </Filter>
  </ItemGroup>
  <ItemGroup>
    <ClCompile Include="stdafx.cpp" />
    <ClCompile Include="main.cpp" />
    <ClCompile Include="system\system.cpp">
      <Filter>system</Filter>
    </ClCompile>
    <ClCompile Include="Game.cpp" />
    <ClCompile Include="GameCamera.cpp" />
    <ClCompile Include="BackGroundWalls.cpp">
      <Filter>BackGround</Filter>
    </ClCompile>
    <ClCompile Include="Player.cpp" />
    <ClCompile Include="BackGroundFloor.cpp">
      <Filter>BackGround</Filter>
    </ClCompile>
    <ClCompile Include="Enemy_Warrior.cpp">
      <Filter>Enemy</Filter>
    </ClCompile>
    <ClCompile Include="EnemyAIMoveAstar.cpp">
      <Filter>Enemy\EnemyAI</Filter>
    </ClCompile>
    <ClCompile Include="EnemyAIConSearch.cpp">
      <Filter>Enemy\EnemyAICon</Filter>
    </ClCompile>
    <ClCompile Include="EnemyBase.cpp">
      <Filter>Enemy\BasePogram</Filter>
    </ClCompile>
    <ClCompile Include="EnemyAIConBase.cpp">
      <Filter>Enemy\BasePogram</Filter>
    </ClCompile>
    <ClCompile Include="EnemySMBase.cpp">
      <Filter>Enemy\BasePogram</Filter>
    </ClCompile>
    <ClCompile Include="EnemyAIBase.cpp">
      <Filter>Enemy\BasePogram</Filter>
    </ClCompile>
    <ClCompile Include="EnemySM_Warrior.cpp">
      <Filter>Enemy\EnemyAISM</Filter>
    </ClCompile>
    <ClCompile Include="EnemyAIConWaitTime.cpp">
      <Filter>Enemy\EnemyAICon</Filter>
    </ClCompile>
    <ClCompile Include="EnemyAIConColPlayer.cpp">
      <Filter>Enemy\EnemyAICon</Filter>
    </ClCompile>
    <ClCompile Include="Crystal.cpp">
      <Filter>object</Filter>
    </ClCompile>
    <ClCompile Include="ObjectBase.cpp">
      <Filter>object</Filter>
    </ClCompile>
  </ItemGroup>
  <ItemGroup>
    <ClInclude Include="stdafx.h" />
    <ClInclude Include="system\system.h">
      <Filter>system</Filter>
    </ClInclude>
    <ClInclude Include="Game.h" />
    <ClInclude Include="GameCamera.h" />
    <ClInclude Include="BackGroundWalls.h">
      <Filter>BackGround</Filter>
    </ClInclude>
    <ClInclude Include="Player.h" />
    <ClInclude Include="BackGroundFloor.h">
      <Filter>BackGround</Filter>
    </ClInclude>
    <ClInclude Include="Enemy_Warrior.h">
      <Filter>Enemy</Filter>
    </ClInclude>
    <ClInclude Include="EnemyAIMoveAstar.h">
      <Filter>Enemy\EnemyAI</Filter>
    </ClInclude>
    <ClInclude Include="EnemyAIConSearch.h">
      <Filter>Enemy\EnemyAICon</Filter>
    </ClInclude>
    <ClInclude Include="EnemyBase.h">
      <Filter>Enemy\BasePogram</Filter>
    </ClInclude>
    <ClInclude Include="EnemyAIConBase.h">
      <Filter>Enemy\BasePogram</Filter>
    </ClInclude>
    <ClInclude Include="EnemySMBase.h">
      <Filter>Enemy\BasePogram</Filter>
    </ClInclude>
    <ClInclude Include="EnemyAIBase.h">
      <Filter>Enemy\BasePogram</Filter>
    </ClInclude>
    <ClInclude Include="EnemySM_Warrior.h">
      <Filter>Enemy\EnemyAISM</Filter>
    </ClInclude>
    <ClInclude Include="EnemyAIConWaitTime.h">
      <Filter>Enemy\EnemyAICon</Filter>
    </ClInclude>
    <ClInclude Include="EnemyAIConColPlayer.h">
      <Filter>Enemy\EnemyAICon</Filter>
    </ClInclude>
    <ClInclude Include="Crystal.h">
      <Filter>object</Filter>
    </ClInclude>
    <ClInclude Include="ObjectBase.h">
      <Filter>object</Filter>
    </ClInclude>
  </ItemGroup>
</Project>