<?xml version="1.0" encoding="utf-8"?>
<Project ToolsVersion="4.0" xmlns="http://schemas.microsoft.com/developer/msbuild/2003">
  <ItemGroup>
    <ClCompile Include="Game.cpp" />
    <ClCompile Include="GameCamera.cpp" />
    <ClCompile Include="main.cpp" />
    <ClCompile Include="stdafx.cpp" />
    <ClCompile Include="system\system.cpp" />
    <ClCompile Include="BackGroundFloor.cpp">
      <Filter>bg</Filter>
    </ClCompile>
    <ClCompile Include="BackGroundWalls.cpp">
      <Filter>bg</Filter>
    </ClCompile>
    <ClCompile Include="Crystal.cpp">
      <Filter>obj</Filter>
    </ClCompile>
    <ClCompile Include="CrystalGetCommandSprite.cpp">
      <Filter>obj</Filter>
    </ClCompile>
    <ClCompile Include="ObjectBase.cpp">
      <Filter>obj</Filter>
    </ClCompile>
    <ClCompile Include="Enemy_Warrior.cpp">
      <Filter>Enemy</Filter>
    </ClCompile>
    <ClCompile Include="EnemyAIConColPlayer.cpp">
      <Filter>Enemy\AICon</Filter>
    </ClCompile>
    <ClCompile Include="EnemyAIConSearch.cpp">
      <Filter>Enemy\AICon</Filter>
    </ClCompile>
    <ClCompile Include="EnemyAIConWaitTime.cpp">
      <Filter>Enemy\AICon</Filter>
    </ClCompile>
    <ClCompile Include="EnemyBase.cpp">
      <Filter>Enemy\AIBase</Filter>
    </ClCompile>
    <ClCompile Include="EnemySMBase.cpp">
      <Filter>Enemy\AIBase</Filter>
    </ClCompile>
    <ClCompile Include="EnemyAIBase.cpp">
      <Filter>Enemy\AIBase</Filter>
    </ClCompile>
    <ClCompile Include="EnemyAIMoveAstar.cpp">
      <Filter>Enemy\AI</Filter>
    </ClCompile>
    <ClCompile Include="EnemySM_Warrior.cpp">
      <Filter>Enemy\AISM</Filter>
    </ClCompile>
    <ClCompile Include="EnemyAIMetaWarrior.cpp">
      <Filter>Enemy\AIMeta</Filter>
    </ClCompile>
    <ClCompile Include="EnemyAIConBase.cpp">
      <Filter>Enemy\AIBase</Filter>
    </ClCompile>
    <ClCompile Include="EnemyAIMetaBase.cpp">
      <Filter>Enemy\AIBase</Filter>
    </ClCompile>
    <ClCompile Include="WarriorAIMetaTracking.cpp">
      <Filter>Enemy\AIMeta\AIMetaWarrior</Filter>
    </ClCompile>
    <ClCompile Include="WarriorAIMetapPatrol.cpp">
      <Filter>Enemy\AIMeta\AIMetaWarrior</Filter>
    </ClCompile>
    <ClCompile Include="DebugEnemyTrackingState.cpp">
      <Filter>debug</Filter>
    </ClCompile>
    <ClCompile Include="Locker.cpp">
      <Filter>obj</Filter>
    </ClCompile>
    <ClCompile Include="Accessories.cpp">
      <Filter>obj</Filter>
    </ClCompile>
    <ClCompile Include="WarriorAIMetaRetreat.cpp">
      <Filter>Enemy\AIMeta\AIMetaWarrior</Filter>
    </ClCompile>
    <ClCompile Include="Player.cpp">
      <Filter>Player</Filter>
    </ClCompile>
    <ClCompile Include="PlayerScanCrystalUi.cpp">
      <Filter>Player\PlayerUi</Filter>
    </ClCompile>
  </ItemGroup>
  <ItemGroup>
    <ClInclude Include="Game.h" />
    <ClInclude Include="GameCamera.h" />
    <ClInclude Include="stdafx.h" />
    <ClInclude Include="system\system.h" />
    <ClInclude Include="BackGroundFloor.h">
      <Filter>bg</Filter>
    </ClInclude>
    <ClInclude Include="BackGroundWalls.h">
      <Filter>bg</Filter>
    </ClInclude>
    <ClInclude Include="Crystal.h">
      <Filter>obj</Filter>
    </ClInclude>
    <ClInclude Include="CrystalGetCommandSprite.h">
      <Filter>obj</Filter>
    </ClInclude>
    <ClInclude Include="ObjectBase.h">
      <Filter>obj</Filter>
    </ClInclude>
    <ClInclude Include="Enemy_Warrior.h">
      <Filter>Enemy</Filter>
    </ClInclude>
    <ClInclude Include="EnemyAIConColPlayer.h">
      <Filter>Enemy\AICon</Filter>
    </ClInclude>
    <ClInclude Include="EnemyAIConSearch.h">
      <Filter>Enemy\AICon</Filter>
    </ClInclude>
    <ClInclude Include="EnemyAIConWaitTime.h">
      <Filter>Enemy\AICon</Filter>
    </ClInclude>
    <ClInclude Include="EnemyBase.h">
      <Filter>Enemy\AIBase</Filter>
    </ClInclude>
    <ClInclude Include="EnemySMBase.h">
      <Filter>Enemy\AIBase</Filter>
    </ClInclude>
    <ClInclude Include="EnemyAIBase.h">
      <Filter>Enemy\AIBase</Filter>
    </ClInclude>
    <ClInclude Include="EnemyAIMoveAstar.h">
      <Filter>Enemy\AI</Filter>
    </ClInclude>
    <ClInclude Include="EnemySM_Warrior.h">
      <Filter>Enemy\AISM</Filter>
    </ClInclude>
    <ClInclude Include="EnemyAIMetaWarrior.h">
      <Filter>Enemy\AIMeta</Filter>
    </ClInclude>
    <ClInclude Include="resource.h" />
    <ClInclude Include="EnemyAIConBase.h">
      <Filter>Enemy\AIBase</Filter>
    </ClInclude>
    <ClInclude Include="WarriorDataHolder.h">
      <Filter>Enemy\AIMeta\AIMetaWarrior</Filter>
    </ClInclude>
    <ClInclude Include="EnemyAIMetaBase.h">
      <Filter>Enemy\AIBase</Filter>
    </ClInclude>
    <ClInclude Include="WarriorAIMetaTracking.h">
      <Filter>Enemy\AIMeta\AIMetaWarrior</Filter>
    </ClInclude>
    <ClInclude Include="EnemyWarriorTrackingState.h">
      <Filter>Enemy\AIMeta\AIMetaWarrior</Filter>
    </ClInclude>
    <ClInclude Include="WarriorAIMetapPatrol.h">
      <Filter>Enemy\AIMeta\AIMetaWarrior</Filter>
    </ClInclude>
    <ClInclude Include="DebugEnemyTrackingState.h">
      <Filter>debug</Filter>
    </ClInclude>
    <ClInclude Include="PatrolRuteDataHolder.h">
      <Filter>Enemy\AIMeta\AIMetaWarrior</Filter>
    </ClInclude>
    <ClInclude Include="Locker.h">
      <Filter>obj</Filter>
    </ClInclude>
    <ClInclude Include="Accessories.h">
      <Filter>obj</Filter>
    </ClInclude>
    <ClInclude Include="WarriorAIMetaRetreat.h">
      <Filter>Enemy\AIMeta\AIMetaWarrior</Filter>
    </ClInclude>
    <ClInclude Include="Player.h">
      <Filter>Player</Filter>
    </ClInclude>
    <ClInclude Include="PlayerUIBase.h">
      <Filter>Player\PlayerUi</Filter>
    </ClInclude>
    <ClInclude Include="PlayerScanCrystalUi.h">
      <Filter>Player\PlayerUi</Filter>
    </ClInclude>
  </ItemGroup>
  <ItemGroup>
    <Filter Include="bg">
      <UniqueIdentifier>{32b1c1bb-ed58-4cde-9d5f-c8dfacf2ec43}</UniqueIdentifier>
    </Filter>
    <Filter Include="obj">
      <UniqueIdentifier>{cd86d974-5c58-4912-9117-63f12b4ef8d3}</UniqueIdentifier>
    </Filter>
    <Filter Include="Enemy">
      <UniqueIdentifier>{f94d7c99-895b-47b3-952c-a122690baa8b}</UniqueIdentifier>
    </Filter>
    <Filter Include="Enemy\AICon">
      <UniqueIdentifier>{2baafafc-b393-4006-9e62-ae2e70137f37}</UniqueIdentifier>
    </Filter>
    <Filter Include="Enemy\AIBase">
      <UniqueIdentifier>{549770e2-aff7-4d3e-bbe0-77e3f13da482}</UniqueIdentifier>
    </Filter>
    <Filter Include="Enemy\AI">
      <UniqueIdentifier>{493ace7a-91cc-4b97-8cff-2eebb0d4e545}</UniqueIdentifier>
    </Filter>
    <Filter Include="Enemy\AISM">
      <UniqueIdentifier>{1df267a4-4d41-4b42-8c6c-40cd88ed2a73}</UniqueIdentifier>
    </Filter>
    <Filter Include="Enemy\AIMeta">
      <UniqueIdentifier>{726cc6db-87e7-475b-96df-e3940aaad6e5}</UniqueIdentifier>
    </Filter>
    <Filter Include="Enemy\AIMeta\AIMetaWarrior">
      <UniqueIdentifier>{c4c0b427-df3c-435e-a608-f33d7feb1205}</UniqueIdentifier>
    </Filter>
    <Filter Include="debug">
      <UniqueIdentifier>{20737fca-1e2b-4c54-b3c3-f114d8fe0d13}</UniqueIdentifier>
    </Filter>
    <Filter Include="Player">
      <UniqueIdentifier>{547e3f8f-f280-4a02-88d4-a5ed875b8a53}</UniqueIdentifier>
    </Filter>
    <Filter Include="Player\PlayerUi">
      <UniqueIdentifier>{88aaebbd-2021-4cb6-90b9-47f7f1ab68bc}</UniqueIdentifier>
    </Filter>
  </ItemGroup>
  <ItemGroup>
    <ResourceCompile Include="Game.rc" />
  </ItemGroup>
</Project>